<?xml version="1.0" encoding="utf-8"?>
<Project ToolsVersion="4.0" xmlns="http://schemas.microsoft.com/developer/msbuild/2003">
  <ItemGroup>
    <Filter Include="Source Files">
      <UniqueIdentifier>{4FC737F1-C7A5-4376-A066-2A32D752A2FF}</UniqueIdentifier>
      <Extensions>cpp;c;cc;cxx;def;odl;idl;hpj;bat;asm;asmx</Extensions>
    </Filter>
    <Filter Include="Header Files">
      <UniqueIdentifier>{93995380-89BD-4b04-88EB-625FBE52EBFB}</UniqueIdentifier>
      <Extensions>h;hh;hpp;hxx;hm;inl;inc;ipp;xsd</Extensions>
    </Filter>
    <Filter Include="Resource Files">
      <UniqueIdentifier>{67DA6AB6-F800-4c08-8B7A-83BB121AAD01}</UniqueIdentifier>
      <Extensions>rc;ico;cur;bmp;dlg;rc2;rct;bin;rgs;gif;jpg;jpeg;jpe;resx;tiff;tif;png;wav;mfcribbon-ms</Extensions>
    </Filter>
  </ItemGroup>
  <ItemGroup>
    <ClCompile Include="main.cpp">
      <Filter>Source Files</Filter>
    </ClCompile>
    <ClCompile Include="GameObject.cpp">
      <Filter>Source Files</Filter>
    </ClCompile>
    <ClCompile Include="positionComponents.cpp">
      <Filter>Source Files</Filter>
    </ClCompile>
    <ClCompile Include="colorComponents.cpp">
      <Filter>Source Files</Filter>
    </ClCompile>
    <ClCompile Include="sizeComponents.cpp">
      <Filter>Source Files</Filter>
    </ClCompile>
    <ClCompile Include="movementComponents.cpp">
      <Filter>Source Files</Filter>
    </ClCompile>
    <ClCompile Include="Timeline.cpp">
      <Filter>Source Files</Filter>
    </ClCompile>
    <ClCompile Include="gameTime.cpp">
      <Filter>Source Files</Filter>
    </ClCompile>
    <ClCompile Include="collisionEvent.cpp">
      <Filter>Source Files</Filter>
    </ClCompile>
    <ClCompile Include="deathEvent.cpp">
      <Filter>Source Files</Filter>
    </ClCompile>
    <ClCompile Include="spawnEvent.cpp">
      <Filter>Source Files</Filter>
    </ClCompile>
    <ClCompile Include="userInputEvent.cpp">
      <Filter>Source Files</Filter>
    </ClCompile>
    <ClCompile Include="charEventHandler.cpp">
      <Filter>Source Files</Filter>
    </ClCompile>
    <ClCompile Include="platfEventHandler.cpp">
      <Filter>Source Files</Filter>
    </ClCompile>
    <ClCompile Include="eventManager.cpp">
      <Filter>Source Files</Filter>
    </ClCompile>
    <ClCompile Include="ScriptManager.cpp">
      <Filter>Source Files</Filter>
    </ClCompile>
    <ClCompile Include="duktape.c">
      <Filter>Source Files</Filter>
    </ClCompile>
    <ClCompile Include="scriptEvent.cpp">
      <Filter>Source Files</Filter>
    </ClCompile>
    <ClCompile Include="scriptObject.cpp">
      <Filter>Source Files</Filter>
    </ClCompile>
  </ItemGroup>
  <ItemGroup>
    <ClInclude Include="GameObject.h">
      <Filter>Header Files</Filter>
    </ClInclude>
    <ClInclude Include="positionComponents.h">
      <Filter>Header Files</Filter>
    </ClInclude>
    <ClInclude Include="colorComponents.h">
      <Filter>Header Files</Filter>
    </ClInclude>
    <ClInclude Include="sizeComponents.h">
      <Filter>Header Files</Filter>
    </ClInclude>
    <ClInclude Include="movementComponents.h">
      <Filter>Header Files</Filter>
    </ClInclude>
    <ClInclude Include="Timeline.h">
      <Filter>Header Files</Filter>
    </ClInclude>
    <ClInclude Include="gameTime.h">
      <Filter>Header Files</Filter>
    </ClInclude>
    <ClInclude Include="eventHandler.h">
      <Filter>Header Files</Filter>
    </ClInclude>
    <ClInclude Include="Event.h">
      <Filter>Header Files</Filter>
    </ClInclude>
    <ClInclude Include="collisionEvent.h">
      <Filter>Header Files</Filter>
    </ClInclude>
    <ClInclude Include="deathEvent.h">
      <Filter>Header Files</Filter>
    </ClInclude>
    <ClInclude Include="spawnEvent.h">
      <Filter>Header Files</Filter>
    </ClInclude>
    <ClInclude Include="userInputEvent.h">
      <Filter>Header Files</Filter>
    </ClInclude>
    <ClInclude Include="charEventHandler.h">
      <Filter>Header Files</Filter>
    </ClInclude>
    <ClInclude Include="platfEventHandler.h">
      <Filter>Header Files</Filter>
    </ClInclude>
    <ClInclude Include="eventManager.h">
      <Filter>Header Files</Filter>
    </ClInclude>
    <ClInclude Include="ScriptManager.h">
      <Filter>Header Files</Filter>
    </ClInclude>
    <ClInclude Include="duk_config.h">
      <Filter>Header Files</Filter>
    </ClInclude>
    <ClInclude Include="scriptEvent.h">
      <Filter>Header Files</Filter>
    </ClInclude>
    <ClInclude Include="scriptObject.h">
      <Filter>Header Files</Filter>
    </ClInclude>
  </ItemGroup>
  <ItemGroup>
    <Image Include="tank.png">
      <Filter>Resource Files</Filter>
    </Image>
    <Image Include="cloud.png">
      <Filter>Resource Files</Filter>
    </Image>
  </ItemGroup>
  <ItemGroup>
    <None Include="scripting.js">
      <Filter>Resource Files</Filter>
    </None>
  </ItemGroup>
</Project>